// !$*UTF8*$!
{
	archiveVersion = 1;
	classes = {
	};
	objectVersion = 51;
	objects = {

/* Begin PBXBuildFile section */
		9B3C42AB246C54F000430A09 /* SignUpViewController.swift in Sources */ = {isa = PBXBuildFile; fileRef = 9B3C42AA246C54F000430A09 /* SignUpViewController.swift */; };
		9B3C42AD246C550300430A09 /* LoginViewController.swift in Sources */ = {isa = PBXBuildFile; fileRef = 9B3C42AC246C550300430A09 /* LoginViewController.swift */; };
		9B3C42AF246C550E00430A09 /* HomeViewController.swift in Sources */ = {isa = PBXBuildFile; fileRef = 9B3C42AE246C550E00430A09 /* HomeViewController.swift */; };
		9B3C42B2246C61AA00430A09 /* Utilities.swift in Sources */ = {isa = PBXBuildFile; fileRef = 9B3C42B1246C61A900430A09 /* Utilities.swift */; };
		9B3C42B5246C686A00430A09 /* GoogleService-Info.plist in Resources */ = {isa = PBXBuildFile; fileRef = 9B3C42B4246C686A00430A09 /* GoogleService-Info.plist */; };
		9B3C42B7246C772000430A09 /* Constants.swift in Sources */ = {isa = PBXBuildFile; fileRef = 9B3C42B6246C772000430A09 /* Constants.swift */; };
		9B4DAD7A2469AD93000132B2 /* AppDelegate.swift in Sources */ = {isa = PBXBuildFile; fileRef = 9B4DAD792469AD93000132B2 /* AppDelegate.swift */; };
		9B4DAD7C2469AD93000132B2 /* SceneDelegate.swift in Sources */ = {isa = PBXBuildFile; fileRef = 9B4DAD7B2469AD93000132B2 /* SceneDelegate.swift */; };
		9B4DAD7E2469AD93000132B2 /* ViewController.swift in Sources */ = {isa = PBXBuildFile; fileRef = 9B4DAD7D2469AD93000132B2 /* ViewController.swift */; };
		9B4DAD812469AD93000132B2 /* Main.storyboard in Resources */ = {isa = PBXBuildFile; fileRef = 9B4DAD7F2469AD93000132B2 /* Main.storyboard */; };
		9B4DAD832469AD94000132B2 /* Assets.xcassets in Resources */ = {isa = PBXBuildFile; fileRef = 9B4DAD822469AD94000132B2 /* Assets.xcassets */; };
		9B4DAD862469AD94000132B2 /* LaunchScreen.storyboard in Resources */ = {isa = PBXBuildFile; fileRef = 9B4DAD842469AD94000132B2 /* LaunchScreen.storyboard */; };
		9EE1EEA33D3653AD32359D14 /* Pods_QuaraNeed.framework in Frameworks */ = {isa = PBXBuildFile; fileRef = 550C47CDB9E07ECD8DAE4F1B /* Pods_QuaraNeed.framework */; };
/* End PBXBuildFile section */

/* Begin PBXFileReference section */
		1108411B79ABFD53A9CB37E7 /* Pods-QuaraNeed.release.xcconfig */ = {isa = PBXFileReference; includeInIndex = 1; lastKnownFileType = text.xcconfig; name = "Pods-QuaraNeed.release.xcconfig"; path = "Target Support Files/Pods-QuaraNeed/Pods-QuaraNeed.release.xcconfig"; sourceTree = "<group>"; };
		550C47CDB9E07ECD8DAE4F1B /* Pods_QuaraNeed.framework */ = {isa = PBXFileReference; explicitFileType = wrapper.framework; includeInIndex = 0; path = Pods_QuaraNeed.framework; sourceTree = BUILT_PRODUCTS_DIR; };
		9A8FD28FDC8C6E27EE016067 /* Pods-QuaraNeed.debug.xcconfig */ = {isa = PBXFileReference; includeInIndex = 1; lastKnownFileType = text.xcconfig; name = "Pods-QuaraNeed.debug.xcconfig"; path = "Target Support Files/Pods-QuaraNeed/Pods-QuaraNeed.debug.xcconfig"; sourceTree = "<group>"; };
		9B3C42AA246C54F000430A09 /* SignUpViewController.swift */ = {isa = PBXFileReference; lastKnownFileType = sourcecode.swift; path = SignUpViewController.swift; sourceTree = "<group>"; };
		9B3C42AC246C550300430A09 /* LoginViewController.swift */ = {isa = PBXFileReference; lastKnownFileType = sourcecode.swift; path = LoginViewController.swift; sourceTree = "<group>"; };
		9B3C42AE246C550E00430A09 /* HomeViewController.swift */ = {isa = PBXFileReference; lastKnownFileType = sourcecode.swift; path = HomeViewController.swift; sourceTree = "<group>"; };
		9B3C42B1246C61A900430A09 /* Utilities.swift */ = {isa = PBXFileReference; lastKnownFileType = sourcecode.swift; path = Utilities.swift; sourceTree = "<group>"; };
		9B3C42B4246C686A00430A09 /* GoogleService-Info.plist */ = {isa = PBXFileReference; fileEncoding = 4; lastKnownFileType = text.plist.xml; path = "GoogleService-Info.plist"; sourceTree = "<group>"; };
		9B3C42B6246C772000430A09 /* Constants.swift */ = {isa = PBXFileReference; lastKnownFileType = sourcecode.swift; path = Constants.swift; sourceTree = "<group>"; };
		9B4DAD762469AD93000132B2 /* QuaraNeed.app */ = {isa = PBXFileReference; explicitFileType = wrapper.application; includeInIndex = 0; path = QuaraNeed.app; sourceTree = BUILT_PRODUCTS_DIR; };
		9B4DAD792469AD93000132B2 /* AppDelegate.swift */ = {isa = PBXFileReference; lastKnownFileType = sourcecode.swift; path = AppDelegate.swift; sourceTree = "<group>"; };
		9B4DAD7B2469AD93000132B2 /* SceneDelegate.swift */ = {isa = PBXFileReference; lastKnownFileType = sourcecode.swift; path = SceneDelegate.swift; sourceTree = "<group>"; };
		9B4DAD7D2469AD93000132B2 /* ViewController.swift */ = {isa = PBXFileReference; lastKnownFileType = sourcecode.swift; path = ViewController.swift; sourceTree = "<group>"; };
		9B4DAD802469AD93000132B2 /* Base */ = {isa = PBXFileReference; lastKnownFileType = file.storyboard; name = Base; path = Base.lproj/Main.storyboard; sourceTree = "<group>"; };
		9B4DAD822469AD94000132B2 /* Assets.xcassets */ = {isa = PBXFileReference; lastKnownFileType = folder.assetcatalog; path = Assets.xcassets; sourceTree = "<group>"; };
		9B4DAD852469AD94000132B2 /* Base */ = {isa = PBXFileReference; lastKnownFileType = file.storyboard; name = Base; path = Base.lproj/LaunchScreen.storyboard; sourceTree = "<group>"; };
		9B4DAD872469AD94000132B2 /* Info.plist */ = {isa = PBXFileReference; lastKnownFileType = text.plist.xml; path = Info.plist; sourceTree = "<group>"; };
/* End PBXFileReference section */

/* Begin PBXFrameworksBuildPhase section */
		9B4DAD732469AD93000132B2 /* Frameworks */ = {
			isa = PBXFrameworksBuildPhase;
			buildActionMask = 2147483647;
			files = (
				9EE1EEA33D3653AD32359D14 /* Pods_QuaraNeed.framework in Frameworks */,
			);
			runOnlyForDeploymentPostprocessing = 0;
		};
/* End PBXFrameworksBuildPhase section */

/* Begin PBXGroup section */
		9B3C42B0246C551200430A09 /* View Controllers */ = {
			isa = PBXGroup;
			children = (
				9B3C42AA246C54F000430A09 /* SignUpViewController.swift */,
				9B3C42AC246C550300430A09 /* LoginViewController.swift */,
				9B3C42AE246C550E00430A09 /* HomeViewController.swift */,
				9B4DAD7D2469AD93000132B2 /* ViewController.swift */,
			);
			path = "View Controllers";
			sourceTree = "<group>";
		};
		9B3C42B3246C628F00430A09 /* Helpers */ = {
			isa = PBXGroup;
			children = (
				9B3C42B1246C61A900430A09 /* Utilities.swift */,
				9B3C42B6246C772000430A09 /* Constants.swift */,
			);
			path = Helpers;
			sourceTree = "<group>";
		};
		9B4DAD6D2469AD93000132B2 = {
			isa = PBXGroup;
			children = (
				9B4DAD782469AD93000132B2 /* QuaraNeed */,
				9B4DAD772469AD93000132B2 /* Products */,
				ABD2E9BE84E138A71F56708B /* Pods */,
				C0014C1E3DA4EDD29D173553 /* Frameworks */,
			);
			sourceTree = "<group>";
		};
		9B4DAD772469AD93000132B2 /* Products */ = {
			isa = PBXGroup;
			children = (
				9B4DAD762469AD93000132B2 /* QuaraNeed.app */,
			);
			name = Products;
			sourceTree = "<group>";
		};
		9B4DAD782469AD93000132B2 /* QuaraNeed */ = {
			isa = PBXGroup;
			children = (
				9B4DAD792469AD93000132B2 /* AppDelegate.swift */,
				9B4DAD7B2469AD93000132B2 /* SceneDelegate.swift */,
				9B3C42B3246C628F00430A09 /* Helpers */,
				9B3C42B0246C551200430A09 /* View Controllers */,
				9B4DAD7F2469AD93000132B2 /* Main.storyboard */,
				9B4DAD822469AD94000132B2 /* Assets.xcassets */,
				9B4DAD842469AD94000132B2 /* LaunchScreen.storyboard */,
				9B4DAD872469AD94000132B2 /* Info.plist */,
				9B3C42B4246C686A00430A09 /* GoogleService-Info.plist */,
			);
			path = QuaraNeed;
			sourceTree = "<group>";
		};
		ABD2E9BE84E138A71F56708B /* Pods */ = {
			isa = PBXGroup;
			children = (
				9A8FD28FDC8C6E27EE016067 /* Pods-QuaraNeed.debug.xcconfig */,
				1108411B79ABFD53A9CB37E7 /* Pods-QuaraNeed.release.xcconfig */,
			);
			path = Pods;
			sourceTree = "<group>";
		};
		C0014C1E3DA4EDD29D173553 /* Frameworks */ = {
			isa = PBXGroup;
			children = (
				550C47CDB9E07ECD8DAE4F1B /* Pods_QuaraNeed.framework */,
			);
			name = Frameworks;
			sourceTree = "<group>";
		};
/* End PBXGroup section */

/* Begin PBXNativeTarget section */
		9B4DAD752469AD93000132B2 /* QuaraNeed */ = {
			isa = PBXNativeTarget;
			buildConfigurationList = 9B4DAD8A2469AD94000132B2 /* Build configuration list for PBXNativeTarget "QuaraNeed" */;
			buildPhases = (
				D0DCB09CE92AFA3B54F65F72 /* [CP] Check Pods Manifest.lock */,
				9B4DAD722469AD93000132B2 /* Sources */,
				9B4DAD732469AD93000132B2 /* Frameworks */,
				9B4DAD742469AD93000132B2 /* Resources */,
				3A277951650D4AA976AB6BD5 /* [CP] Embed Pods Frameworks */,
			);
			buildRules = (
			);
			dependencies = (
			);
			name = QuaraNeed;
			productName = QuaraNeed;
			productReference = 9B4DAD762469AD93000132B2 /* QuaraNeed.app */;
			productType = "com.apple.product-type.application";
		};
/* End PBXNativeTarget section */

/* Begin PBXProject section */
		9B4DAD6E2469AD93000132B2 /* Project object */ = {
			isa = PBXProject;
			attributes = {
				LastSwiftUpdateCheck = 1140;
				LastUpgradeCheck = 1140;
				ORGANIZATIONNAME = AV;
				TargetAttributes = {
					9B4DAD752469AD93000132B2 = {
						CreatedOnToolsVersion = 11.4.1;
					};
				};
			};
			buildConfigurationList = 9B4DAD712469AD93000132B2 /* Build configuration list for PBXProject "QuaraNeed" */;
			compatibilityVersion = "Xcode 9.3";
			developmentRegion = en;
			hasScannedForEncodings = 0;
			knownRegions = (
				en,
				Base,
			);
			mainGroup = 9B4DAD6D2469AD93000132B2;
			productRefGroup = 9B4DAD772469AD93000132B2 /* Products */;
			projectDirPath = "";
			projectRoot = "";
			targets = (
				9B4DAD752469AD93000132B2 /* QuaraNeed */,
			);
		};
/* End PBXProject section */

/* Begin PBXResourcesBuildPhase section */
		9B4DAD742469AD93000132B2 /* Resources */ = {
			isa = PBXResourcesBuildPhase;
			buildActionMask = 2147483647;
			files = (
				9B4DAD862469AD94000132B2 /* LaunchScreen.storyboard in Resources */,
				9B3C42B5246C686A00430A09 /* GoogleService-Info.plist in Resources */,
				9B4DAD832469AD94000132B2 /* Assets.xcassets in Resources */,
				9B4DAD812469AD93000132B2 /* Main.storyboard in Resources */,
			);
			runOnlyForDeploymentPostprocessing = 0;
		};
/* End PBXResourcesBuildPhase section */

/* Begin PBXShellScriptBuildPhase section */
		3A277951650D4AA976AB6BD5 /* [CP] Embed Pods Frameworks */ = {
			isa = PBXShellScriptBuildPhase;
			buildActionMask = 2147483647;
			files = (
			);
			inputFileListPaths = (
				"${PODS_ROOT}/Target Support Files/Pods-QuaraNeed/Pods-QuaraNeed-frameworks-${CONFIGURATION}-input-files.xcfilelist",
			);
			name = "[CP] Embed Pods Frameworks";
			outputFileListPaths = (
				"${PODS_ROOT}/Target Support Files/Pods-QuaraNeed/Pods-QuaraNeed-frameworks-${CONFIGURATION}-output-files.xcfilelist",
			);
			runOnlyForDeploymentPostprocessing = 0;
			shellPath = /bin/sh;
			shellScript = "\"${PODS_ROOT}/Target Support Files/Pods-QuaraNeed/Pods-QuaraNeed-frameworks.sh\"\n";
			showEnvVarsInLog = 0;
		};
		D0DCB09CE92AFA3B54F65F72 /* [CP] Check Pods Manifest.lock */ = {
			isa = PBXShellScriptBuildPhase;
			buildActionMask = 2147483647;
			files = (
			);
			inputFileListPaths = (
			);
			inputPaths = (
				"${PODS_PODFILE_DIR_PATH}/Podfile.lock",
				"${PODS_ROOT}/Manifest.lock",
			);
			name = "[CP] Check Pods Manifest.lock";
			outputFileListPaths = (
			);
			outputPaths = (
				"$(DERIVED_FILE_DIR)/Pods-QuaraNeed-checkManifestLockResult.txt",
			);
			runOnlyForDeploymentPostprocessing = 0;
			shellPath = /bin/sh;
			shellScript = "diff \"${PODS_PODFILE_DIR_PATH}/Podfile.lock\" \"${PODS_ROOT}/Manifest.lock\" > /dev/null\nif [ $? != 0 ] ; then\n    # print error to STDERR\n    echo \"error: The sandbox is not in sync with the Podfile.lock. Run 'pod install' or update your CocoaPods installation.\" >&2\n    exit 1\nfi\n# This output is used by Xcode 'outputs' to avoid re-running this script phase.\necho \"SUCCESS\" > \"${SCRIPT_OUTPUT_FILE_0}\"\n";
			showEnvVarsInLog = 0;
		};
/* End PBXShellScriptBuildPhase section */

/* Begin PBXSourcesBuildPhase section */
		9B4DAD722469AD93000132B2 /* Sources */ = {
			isa = PBXSourcesBuildPhase;
			buildActionMask = 2147483647;
			files = (
				9B4DAD7E2469AD93000132B2 /* ViewController.swift in Sources */,
				9B4DAD7A2469AD93000132B2 /* AppDelegate.swift in Sources */,
				9B3C42B2246C61AA00430A09 /* Utilities.swift in Sources */,
				9B3C42AB246C54F000430A09 /* SignUpViewController.swift in Sources */,
				9B3C42AD246C550300430A09 /* LoginViewController.swift in Sources */,
				9B4DAD7C2469AD93000132B2 /* SceneDelegate.swift in Sources */,
				9B3C42AF246C550E00430A09 /* HomeViewController.swift in Sources */,
				9B3C42B7246C772000430A09 /* Constants.swift in Sources */,
			);
			runOnlyForDeploymentPostprocessing = 0;
		};
/* End PBXSourcesBuildPhase section */

/* Begin PBXVariantGroup section */
		9B4DAD7F2469AD93000132B2 /* Main.storyboard */ = {
			isa = PBXVariantGroup;
			children = (
				9B4DAD802469AD93000132B2 /* Base */,
			);
			name = Main.storyboard;
			sourceTree = "<group>";
		};
		9B4DAD842469AD94000132B2 /* LaunchScreen.storyboard */ = {
			isa = PBXVariantGroup;
			children = (
				9B4DAD852469AD94000132B2 /* Base */,
			);
			name = LaunchScreen.storyboard;
			sourceTree = "<group>";
		};
/* End PBXVariantGroup section */

/* Begin XCBuildConfiguration section */
		9B4DAD882469AD94000132B2 /* Debug */ = {
			isa = XCBuildConfiguration;
			buildSettings = {
				ALWAYS_SEARCH_USER_PATHS = NO;
				CLANG_ANALYZER_NONNULL = YES;
				CLANG_ANALYZER_NUMBER_OBJECT_CONVERSION = YES_AGGRESSIVE;
				CLANG_CXX_LANGUAGE_STANDARD = "gnu++14";
				CLANG_CXX_LIBRARY = "libc++";
				CLANG_ENABLE_MODULES = YES;
				CLANG_ENABLE_OBJC_ARC = YES;
				CLANG_ENABLE_OBJC_WEAK = YES;
				CLANG_WARN_BLOCK_CAPTURE_AUTORELEASING = YES;
				CLANG_WARN_BOOL_CONVERSION = YES;
				CLANG_WARN_COMMA = YES;
				CLANG_WARN_CONSTANT_CONVERSION = YES;
				CLANG_WARN_DEPRECATED_OBJC_IMPLEMENTATIONS = YES;
				CLANG_WARN_DIRECT_OBJC_ISA_USAGE = YES_ERROR;
				CLANG_WARN_DOCUMENTATION_COMMENTS = YES;
				CLANG_WARN_EMPTY_BODY = YES;
				CLANG_WARN_ENUM_CONVERSION = YES;
				CLANG_WARN_INFINITE_RECURSION = YES;
				CLANG_WARN_INT_CONVERSION = YES;
				CLANG_WARN_NON_LITERAL_NULL_CONVERSION = YES;
				CLANG_WARN_OBJC_IMPLICIT_RETAIN_SELF = YES;
				CLANG_WARN_OBJC_LITERAL_CONVERSION = YES;
				CLANG_WARN_OBJC_ROOT_CLASS = YES_ERROR;
				CLANG_WARN_RANGE_LOOP_ANALYSIS = YES;
				CLANG_WARN_STRICT_PROTOTYPES = YES;
				CLANG_WARN_SUSPICIOUS_MOVE = YES;
				CLANG_WARN_UNGUARDED_AVAILABILITY = YES_AGGRESSIVE;
				CLANG_WARN_UNREACHABLE_CODE = YES;
				CLANG_WARN__DUPLICATE_METHOD_MATCH = YES;
				COPY_PHASE_STRIP = NO;
				DEBUG_INFORMATION_FORMAT = dwarf;
				ENABLE_STRICT_OBJC_MSGSEND = YES;
				ENABLE_TESTABILITY = YES;
				GCC_C_LANGUAGE_STANDARD = gnu11;
				GCC_DYNAMIC_NO_PIC = NO;
				GCC_NO_COMMON_BLOCKS = YES;
				GCC_OPTIMIZATION_LEVEL = 0;
				GCC_PREPROCESSOR_DEFINITIONS = (
					"DEBUG=1",
					"$(inherited)",
				);
				GCC_WARN_64_TO_32_BIT_CONVERSION = YES;
				GCC_WARN_ABOUT_RETURN_TYPE = YES_ERROR;
				GCC_WARN_UNDECLARED_SELECTOR = YES;
				GCC_WARN_UNINITIALIZED_AUTOS = YES_AGGRESSIVE;
				GCC_WARN_UNUSED_FUNCTION = YES;
				GCC_WARN_UNUSED_VARIABLE = YES;
				IPHONEOS_DEPLOYMENT_TARGET = 13.4;
				MTL_ENABLE_DEBUG_INFO = INCLUDE_SOURCE;
				MTL_FAST_MATH = YES;
				ONLY_ACTIVE_ARCH = YES;
				SDKROOT = iphoneos;
				SWIFT_ACTIVE_COMPILATION_CONDITIONS = DEBUG;
				SWIFT_OPTIMIZATION_LEVEL = "-Onone";
			};
			name = Debug;
		};
		9B4DAD892469AD94000132B2 /* Release */ = {
			isa = XCBuildConfiguration;
			buildSettings = {
				ALWAYS_SEARCH_USER_PATHS = NO;
				CLANG_ANALYZER_NONNULL = YES;
				CLANG_ANALYZER_NUMBER_OBJECT_CONVERSION = YES_AGGRESSIVE;
				CLANG_CXX_LANGUAGE_STANDARD = "gnu++14";
				CLANG_CXX_LIBRARY = "libc++";
				CLANG_ENABLE_MODULES = YES;
				CLANG_ENABLE_OBJC_ARC = YES;
				CLANG_ENABLE_OBJC_WEAK = YES;
				CLANG_WARN_BLOCK_CAPTURE_AUTORELEASING = YES;
				CLANG_WARN_BOOL_CONVERSION = YES;
				CLANG_WARN_COMMA = YES;
				CLANG_WARN_CONSTANT_CONVERSION = YES;
				CLANG_WARN_DEPRECATED_OBJC_IMPLEMENTATIONS = YES;
				CLANG_WARN_DIRECT_OBJC_ISA_USAGE = YES_ERROR;
				CLANG_WARN_DOCUMENTATION_COMMENTS = YES;
				CLANG_WARN_EMPTY_BODY = YES;
				CLANG_WARN_ENUM_CONVERSION = YES;
				CLANG_WARN_INFINITE_RECURSION = YES;
				CLANG_WARN_INT_CONVERSION = YES;
				CLANG_WARN_NON_LITERAL_NULL_CONVERSION = YES;
				CLANG_WARN_OBJC_IMPLICIT_RETAIN_SELF = YES;
				CLANG_WARN_OBJC_LITERAL_CONVERSION = YES;
				CLANG_WARN_OBJC_ROOT_CLASS = YES_ERROR;
				CLANG_WARN_RANGE_LOOP_ANALYSIS = YES;
				CLANG_WARN_STRICT_PROTOTYPES = YES;
				CLANG_WARN_SUSPICIOUS_MOVE = YES;
				CLANG_WARN_UNGUARDED_AVAILABILITY = YES_AGGRESSIVE;
				CLANG_WARN_UNREACHABLE_CODE = YES;
				CLANG_WARN__DUPLICATE_METHOD_MATCH = YES;
				COPY_PHASE_STRIP = NO;
				DEBUG_INFORMATION_FORMAT = "dwarf-with-dsym";
				ENABLE_NS_ASSERTIONS = NO;
				ENABLE_STRICT_OBJC_MSGSEND = YES;
				GCC_C_LANGUAGE_STANDARD = gnu11;
				GCC_NO_COMMON_BLOCKS = YES;
				GCC_WARN_64_TO_32_BIT_CONVERSION = YES;
				GCC_WARN_ABOUT_RETURN_TYPE = YES_ERROR;
				GCC_WARN_UNDECLARED_SELECTOR = YES;
				GCC_WARN_UNINITIALIZED_AUTOS = YES_AGGRESSIVE;
				GCC_WARN_UNUSED_FUNCTION = YES;
				GCC_WARN_UNUSED_VARIABLE = YES;
				IPHONEOS_DEPLOYMENT_TARGET = 13.4;
				MTL_ENABLE_DEBUG_INFO = NO;
				MTL_FAST_MATH = YES;
				SDKROOT = iphoneos;
				SWIFT_COMPILATION_MODE = wholemodule;
				SWIFT_OPTIMIZATION_LEVEL = "-O";
				VALIDATE_PRODUCT = YES;
			};
			name = Release;
		};
		9B4DAD8B2469AD94000132B2 /* Debug */ = {
			isa = XCBuildConfiguration;
			baseConfigurationReference = 9A8FD28FDC8C6E27EE016067 /* Pods-QuaraNeed.debug.xcconfig */;
			buildSettings = {
				ASSETCATALOG_COMPILER_APPICON_NAME = AppIcon;
				CODE_SIGN_STYLE = Automatic;
				DEVELOPMENT_TEAM = QQMHNS38BU;
				INFOPLIST_FILE = QuaraNeed/Info.plist;
				LD_RUNPATH_SEARCH_PATHS = (
					"$(inherited)",
					"@executable_path/Frameworks",
				);
				PRODUCT_BUNDLE_IDENTIFIER = com.AV.QuaraNeed;
				PRODUCT_NAME = "$(TARGET_NAME)";
				SWIFT_VERSION = 5.0;
				TARGETED_DEVICE_FAMILY = "1,2";
			};
			name = Debug;
		};
		9B4DAD8C2469AD94000132B2 /* Release */ = {
			isa = XCBuildConfiguration;
			baseConfigurationReference = 1108411B79ABFD53A9CB37E7 /* Pods-QuaraNeed.release.xcconfig */;
			buildSettings = {
				ASSETCATALOG_COMPILER_APPICON_NAME = AppIcon;
				CODE_SIGN_STYLE = Automatic;
				DEVELOPMENT_TEAM = QQMHNS38BU;
				INFOPLIST_FILE = QuaraNeed/Info.plist;
				LD_RUNPATH_SEARCH_PATHS = (
					"$(inherited)",
					"@executable_path/Frameworks",
				);
				PRODUCT_BUNDLE_IDENTIFIER = com.AV.QuaraNeed;
				PRODUCT_NAME = "$(TARGET_NAME)";
				SWIFT_VERSION = 5.0;
				TARGETED_DEVICE_FAMILY = "1,2";
			};
			name = Release;
		};
/* End XCBuildConfiguration section */

/* Begin XCConfigurationList section */
		9B4DAD712469AD93000132B2 /* Build configuration list for PBXProject "QuaraNeed" */ = {
			isa = XCConfigurationList;
			buildConfigurations = (
				9B4DAD882469AD94000132B2 /* Debug */,
				9B4DAD892469AD94000132B2 /* Release */,
			);
			defaultConfigurationIsVisible = 0;
			defaultConfigurationName = Release;
		};
		9B4DAD8A2469AD94000132B2 /* Build configuration list for PBXNativeTarget "QuaraNeed" */ = {
			isa = XCConfigurationList;
			buildConfigurations = (
				9B4DAD8B2469AD94000132B2 /* Debug */,
				9B4DAD8C2469AD94000132B2 /* Release */,
			);
			defaultConfigurationIsVisible = 0;
			defaultConfigurationName = Release;
		};
/* End XCConfigurationList section */
	};
	rootObject = 9B4DAD6E2469AD93000132B2 /* Project object */;
}
